{
  "requires": true,
  "lockfileVersion": 1,
  "dependencies": {
    "react-native-bluetooth-cross-platform": {
      "version": "0.0.9",
      "resolved": "https://registry.npmjs.org/react-native-bluetooth-cross-platform/-/react-native-bluetooth-cross-platform-0.0.9.tgz",
      "integrity": "sha512-pN9mbFEWCyfNEK9wzUuJVYSPM9/pQa2fl3S/G9WhzsyDZ0deF8meuogu7upHt35hhAkwvzz1FHHpBr9YzbqlgA=="
    }
  }
}
