# THIS IS AN AUTOGENERATED FILE. DO NOT EDIT THIS FILE DIRECTLY.
# yarn lockfile v1


react-native-bluetooth-cross-platform@^0.0.9:
  version "0.0.9"
  resolved "https://registry.yarnpkg.com/react-native-bluetooth-cross-platform/-/react-native-bluetooth-cross-platform-0.0.9.tgz#389d5b0bf0c0abffa62a27cc1077a7cdc0be9999"
  integrity sha512-pN9mbFEWCyfNEK9wzUuJVYSPM9/pQa2fl3S/G9WhzsyDZ0deF8meuogu7upHt35hhAkwvzz1FHHpBr9YzbqlgA==
